
Microsoft Visual Studio Solution File, Format Version 11.00
# Visual Studio 2010
Project("{FAE04EC0-301F-11D3-BF4B-00C04F79EFBC}") = "Assembly-CSharp", "Assembly-CSharp.csproj", "{1CFB8258-16E5-9825-4946-A768F5B5D321}"
EndProject
Project("{FAE04EC0-301F-11D3-BF4B-00C04F79EFBC}") = "AstarPathfindingProject", "AstarPathfindingProject.csproj", "{23B97500-A2CD-2DFB-6DD8-C106FD19D9C1}"
EndProject
Project("{FAE04EC0-301F-11D3-BF4B-00C04F79EFBC}") = "PackageToolsEditor", "PackageToolsEditor.csproj", "{6B87F28B-19C5-76C4-65EC-5D3A49BA405C}"
EndProject
Project("{FAE04EC0-301F-11D3-BF4B-00C04F79EFBC}") = "AstarPathfindingProjectEditor", "AstarPathfindingProjectEditor.csproj", "{8F4CC5DE-BC1E-15EF-9124-1CB7273705B0}"
EndProject
Global
	GlobalSection(SolutionConfigurationPlatforms) = preSolution
		Debug|Any CPU = Debug|Any CPU
		Release|Any CPU = Release|Any CPU
	EndGlobalSection
	GlobalSection(ProjectConfigurationPlatforms) = postSolution
		{1CFB8258-16E5-9825-4946-A768F5B5D321}.Debug|Any CPU.ActiveCfg = Debug|Any CPU
		{1CFB8258-16E5-9825-4946-A768F5B5D321}.Debug|Any CPU.Build.0 = Debug|Any CPU
		{1CFB8258-16E5-9825-4946-A768F5B5D321}.Release|Any CPU.ActiveCfg = Release|Any CPU
		{1CFB8258-16E5-9825-4946-A768F5B5D321}.Release|Any CPU.Build.0 = Release|Any CPU
		{23B97500-A2CD-2DFB-6DD8-C106FD19D9C1}.Debug|Any CPU.ActiveCfg = Debug|Any CPU
		{23B97500-A2CD-2DFB-6DD8-C106FD19D9C1}.Debug|Any CPU.Build.0 = Debug|Any CPU
		{23B97500-A2CD-2DFB-6DD8-C106FD19D9C1}.Release|Any CPU.ActiveCfg = Release|Any CPU
		{23B97500-A2CD-2DFB-6DD8-C106FD19D9C1}.Release|Any CPU.Build.0 = Release|Any CPU
		{6B87F28B-19C5-76C4-65EC-5D3A49BA405C}.Debug|Any CPU.ActiveCfg = Debug|Any CPU
		{6B87F28B-19C5-76C4-65EC-5D3A49BA405C}.Debug|Any CPU.Build.0 = Debug|Any CPU
		{6B87F28B-19C5-76C4-65EC-5D3A49BA405C}.Release|Any CPU.ActiveCfg = Release|Any CPU
		{6B87F28B-19C5-76C4-65EC-5D3A49BA405C}.Release|Any CPU.Build.0 = Release|Any CPU
		{8F4CC5DE-BC1E-15EF-9124-1CB7273705B0}.Debug|Any CPU.ActiveCfg = Debug|Any CPU
		{8F4CC5DE-BC1E-15EF-9124-1CB7273705B0}.Debug|Any CPU.Build.0 = Debug|Any CPU
		{8F4CC5DE-BC1E-15EF-9124-1CB7273705B0}.Release|Any CPU.ActiveCfg = Release|Any CPU
		{8F4CC5DE-BC1E-15EF-9124-1CB7273705B0}.Release|Any CPU.Build.0 = Release|Any CPU
	EndGlobalSection
	GlobalSection(SolutionProperties) = preSolution
		HideSolutionNode = FALSE
	EndGlobalSection
EndGlobal
